
Microsoft Visual Studio Solution File, Format Version 12.00
# Visual Studio Version 17
VisualStudioVersion = 17.7.34221.43
MinimumVisualStudioVersion = 10.0.40219.1
Project("{FAE04EC0-301F-11D3-BF4B-00C04F79EFBC}") = "AccountingForEntities", "AccountingForEntities\AccountingForEntities.csproj", "{4F3990FD-C5CA-4FBB-96AE-115D3B1EE7E4}"
EndProject
Global
	GlobalSection(SolutionConfigurationPlatforms) = preSolution
		Debug|Any CPU = Debug|Any CPU
		Release|Any CPU = Release|Any CPU
	EndGlobalSection
	GlobalSection(ProjectConfigurationPlatforms) = postSolution
		{4F3990FD-C5CA-4FBB-96AE-115D3B1EE7E4}.Debug|Any CPU.ActiveCfg = Debug|Any CPU
		{4F3990FD-C5CA-4FBB-96AE-115D3B1EE7E4}.Debug|Any CPU.Build.0 = Debug|Any CPU
		{4F3990FD-C5CA-4FBB-96AE-115D3B1EE7E4}.Release|Any CPU.ActiveCfg = Release|Any CPU
		{4F3990FD-C5CA-4FBB-96AE-115D3B1EE7E4}.Release|Any CPU.Build.0 = Release|Any CPU
	EndGlobalSection
	GlobalSection(SolutionProperties) = preSolution
		HideSolutionNode = FALSE
	EndGlobalSection
	GlobalSection(ExtensibilityGlobals) = postSolution
		SolutionGuid = {6A1B9851-A2AF-4B67-8E80-807D66C4B87D}
	EndGlobalSection
EndGlobal
